
Microsoft Visual Studio Solution File, Format Version 12.00
# Visual Studio Version 17
VisualStudioVersion = 17.3.32901.215
MinimumVisualStudioVersion = 10.0.40219.1
Project("{6EC3EE1D-3C4E-46DD-8F32-0CC8E7565705}") = "WaterfallPricing", "WaterfallPricing.fsproj", "{B6431ED3-D6F0-4933-ACC4-28FF8F780B67}"
EndProject
Project("{6EC3EE1D-3C4E-46DD-8F32-0CC8E7565705}") = "TestProject", "TestProject.fsproj", "{B8CEE48D-C4B3-4FCB-9BC5-D725C6839F0C}"
EndProject
Global
	GlobalSection(SolutionConfigurationPlatforms) = preSolution
		Debug|Any CPU = Debug|Any CPU
		Release|Any CPU = Release|Any CPU
	EndGlobalSection
	GlobalSection(ProjectConfigurationPlatforms) = postSolution
		{B6431ED3-D6F0-4933-ACC4-28FF8F780B67}.Debug|Any CPU.ActiveCfg = Debug|Any CPU
		{B6431ED3-D6F0-4933-ACC4-28FF8F780B67}.Debug|Any CPU.Build.0 = Debug|Any CPU
		{B6431ED3-D6F0-4933-ACC4-28FF8F780B67}.Release|Any CPU.ActiveCfg = Release|Any CPU
		{B6431ED3-D6F0-4933-ACC4-28FF8F780B67}.Release|Any CPU.Build.0 = Release|Any CPU
		{B8CEE48D-C4B3-4FCB-9BC5-D725C6839F0C}.Debug|Any CPU.ActiveCfg = Debug|Any CPU
		{B8CEE48D-C4B3-4FCB-9BC5-D725C6839F0C}.Debug|Any CPU.Build.0 = Debug|Any CPU
		{B8CEE48D-C4B3-4FCB-9BC5-D725C6839F0C}.Release|Any CPU.ActiveCfg = Release|Any CPU
		{B8CEE48D-C4B3-4FCB-9BC5-D725C6839F0C}.Release|Any CPU.Build.0 = Release|Any CPU
	EndGlobalSection
	GlobalSection(SolutionProperties) = preSolution
		HideSolutionNode = FALSE
	EndGlobalSection
	GlobalSection(ExtensibilityGlobals) = postSolution
		SolutionGuid = {5458EAEF-88FF-402C-B15A-977F910F8BF5}
	EndGlobalSection
EndGlobal
